// !$*UTF8*$!
{
	archiveVersion = 1;
	classes = {
	};
	objectVersion = 56;
	objects = {

/* Begin PBXBuildFile section */
		7B48E229291946E60077C89F /* DetailViewController.swift in Sources */ = {isa = PBXBuildFile; fileRef = 7B48E228291946E60077C89F /* DetailViewController.swift */; };
		7B48E22B29195D600077C89F /* AboutViewController.swift in Sources */ = {isa = PBXBuildFile; fileRef = 7B48E22A29195D5F0077C89F /* AboutViewController.swift */; };
		7B493D2A291936F9001EA158 /* PokemonTableViewCell.swift in Sources */ = {isa = PBXBuildFile; fileRef = 7B493D28291936F9001EA158 /* PokemonTableViewCell.swift */; };
		7B493D2B291936F9001EA158 /* PokemonTableViewCell.xib in Resources */ = {isa = PBXBuildFile; fileRef = 7B493D29291936F9001EA158 /* PokemonTableViewCell.xib */; };
		7B94ACC32919E10900E00FF7 /* pokemon.json in Resources */ = {isa = PBXBuildFile; fileRef = 7B94ACC22919E10900E00FF7 /* pokemon.json */; };
		7B94ACC52919EECC00E00FF7 /* JSONUtils.swift in Sources */ = {isa = PBXBuildFile; fileRef = 7B94ACC42919EECC00E00FF7 /* JSONUtils.swift */; };
		7BF5BDE2291815D900B65C82 /* AppDelegate.swift in Sources */ = {isa = PBXBuildFile; fileRef = 7BF5BDE1291815D900B65C82 /* AppDelegate.swift */; };
		7BF5BDE4291815D900B65C82 /* SceneDelegate.swift in Sources */ = {isa = PBXBuildFile; fileRef = 7BF5BDE3291815D900B65C82 /* SceneDelegate.swift */; };
		7BF5BDE6291815D900B65C82 /* ViewController.swift in Sources */ = {isa = PBXBuildFile; fileRef = 7BF5BDE5291815D900B65C82 /* ViewController.swift */; };
		7BF5BDE9291815D900B65C82 /* Main.storyboard in Resources */ = {isa = PBXBuildFile; fileRef = 7BF5BDE7291815D900B65C82 /* Main.storyboard */; };
		7BF5BDEB291815DB00B65C82 /* Assets.xcassets in Resources */ = {isa = PBXBuildFile; fileRef = 7BF5BDEA291815DB00B65C82 /* Assets.xcassets */; };
		7BF5BDEE291815DB00B65C82 /* LaunchScreen.storyboard in Resources */ = {isa = PBXBuildFile; fileRef = 7BF5BDEC291815DB00B65C82 /* LaunchScreen.storyboard */; };
		7BF5BDF629181EF300B65C82 /* PokemonModel.swift in Sources */ = {isa = PBXBuildFile; fileRef = 7BF5BDF529181EF300B65C82 /* PokemonModel.swift */; };
/* End PBXBuildFile section */

/* Begin PBXFileReference section */
		7B48E228291946E60077C89F /* DetailViewController.swift */ = {isa = PBXFileReference; lastKnownFileType = sourcecode.swift; path = DetailViewController.swift; sourceTree = "<group>"; };
		7B48E22A29195D5F0077C89F /* AboutViewController.swift */ = {isa = PBXFileReference; lastKnownFileType = sourcecode.swift; path = AboutViewController.swift; sourceTree = "<group>"; };
		7B493D28291936F9001EA158 /* PokemonTableViewCell.swift */ = {isa = PBXFileReference; lastKnownFileType = sourcecode.swift; path = PokemonTableViewCell.swift; sourceTree = "<group>"; };
		7B493D29291936F9001EA158 /* PokemonTableViewCell.xib */ = {isa = PBXFileReference; lastKnownFileType = file.xib; path = PokemonTableViewCell.xib; sourceTree = "<group>"; };
		7B94ACC22919E10900E00FF7 /* pokemon.json */ = {isa = PBXFileReference; lastKnownFileType = text.json; path = pokemon.json; sourceTree = "<group>"; };
		7B94ACC42919EECC00E00FF7 /* JSONUtils.swift */ = {isa = PBXFileReference; lastKnownFileType = sourcecode.swift; path = JSONUtils.swift; sourceTree = "<group>"; };
		7BF5BDDE291815D900B65C82 /* Pokemon.app */ = {isa = PBXFileReference; explicitFileType = wrapper.application; includeInIndex = 0; path = Pokemon.app; sourceTree = BUILT_PRODUCTS_DIR; };
		7BF5BDE1291815D900B65C82 /* AppDelegate.swift */ = {isa = PBXFileReference; lastKnownFileType = sourcecode.swift; path = AppDelegate.swift; sourceTree = "<group>"; };
		7BF5BDE3291815D900B65C82 /* SceneDelegate.swift */ = {isa = PBXFileReference; lastKnownFileType = sourcecode.swift; path = SceneDelegate.swift; sourceTree = "<group>"; };
		7BF5BDE5291815D900B65C82 /* ViewController.swift */ = {isa = PBXFileReference; lastKnownFileType = sourcecode.swift; path = ViewController.swift; sourceTree = "<group>"; };
		7BF5BDE8291815D900B65C82 /* Base */ = {isa = PBXFileReference; lastKnownFileType = file.storyboard; name = Base; path = Base.lproj/Main.storyboard; sourceTree = "<group>"; };
		7BF5BDEA291815DB00B65C82 /* Assets.xcassets */ = {isa = PBXFileReference; lastKnownFileType = folder.assetcatalog; path = Assets.xcassets; sourceTree = "<group>"; };
		7BF5BDED291815DB00B65C82 /* Base */ = {isa = PBXFileReference; lastKnownFileType = file.storyboard; name = Base; path = Base.lproj/LaunchScreen.storyboard; sourceTree = "<group>"; };
		7BF5BDEF291815DB00B65C82 /* Info.plist */ = {isa = PBXFileReference; lastKnownFileType = text.plist.xml; path = Info.plist; sourceTree = "<group>"; };
		7BF5BDF529181EF300B65C82 /* PokemonModel.swift */ = {isa = PBXFileReference; lastKnownFileType = sourcecode.swift; path = PokemonModel.swift; sourceTree = "<group>"; };
/* End PBXFileReference section */

/* Begin PBXFrameworksBuildPhase section */
		7BF5BDDB291815D900B65C82 /* Frameworks */ = {
			isa = PBXFrameworksBuildPhase;
			buildActionMask = 2147483647;
			files = (
			);
			runOnlyForDeploymentPostprocessing = 0;
		};
/* End PBXFrameworksBuildPhase section */

/* Begin PBXGroup section */
		7BF5BDD5291815D900B65C82 = {
			isa = PBXGroup;
			children = (
				7B94ACC42919EECC00E00FF7 /* JSONUtils.swift */,
				7BF5BDE0291815D900B65C82 /* Pokemon */,
				7BF5BDDF291815D900B65C82 /* Products */,
			);
			sourceTree = "<group>";
		};
		7BF5BDDF291815D900B65C82 /* Products */ = {
			isa = PBXGroup;
			children = (
				7BF5BDDE291815D900B65C82 /* Pokemon.app */,
			);
			name = Products;
			sourceTree = "<group>";
		};
		7BF5BDE0291815D900B65C82 /* Pokemon */ = {
			isa = PBXGroup;
			children = (
				7BF5BDE1291815D900B65C82 /* AppDelegate.swift */,
				7BF5BDE3291815D900B65C82 /* SceneDelegate.swift */,
				7BF5BDE5291815D900B65C82 /* ViewController.swift */,
				7BF5BDE7291815D900B65C82 /* Main.storyboard */,
				7BF5BDEA291815DB00B65C82 /* Assets.xcassets */,
				7BF5BDEC291815DB00B65C82 /* LaunchScreen.storyboard */,
				7BF5BDEF291815DB00B65C82 /* Info.plist */,
				7BF5BDF529181EF300B65C82 /* PokemonModel.swift */,
				7B493D28291936F9001EA158 /* PokemonTableViewCell.swift */,
				7B493D29291936F9001EA158 /* PokemonTableViewCell.xib */,
				7B48E228291946E60077C89F /* DetailViewController.swift */,
				7B48E22A29195D5F0077C89F /* AboutViewController.swift */,
				7B94ACC22919E10900E00FF7 /* pokemon.json */,
			);
			path = Pokemon;
			sourceTree = "<group>";
		};
/* End PBXGroup section */

/* Begin PBXNativeTarget section */
		7BF5BDDD291815D900B65C82 /* Pokemon */ = {
			isa = PBXNativeTarget;
			buildConfigurationList = 7BF5BDF2291815DB00B65C82 /* Build configuration list for PBXNativeTarget "Pokemon" */;
			buildPhases = (
				7BF5BDDA291815D900B65C82 /* Sources */,
				7BF5BDDB291815D900B65C82 /* Frameworks */,
				7BF5BDDC291815D900B65C82 /* Resources */,
			);
			buildRules = (
			);
			dependencies = (
			);
			name = Pokemon;
			productName = Pokemon;
			productReference = 7BF5BDDE291815D900B65C82 /* Pokemon.app */;
			productType = "com.apple.product-type.application";
		};
/* End PBXNativeTarget section */

/* Begin PBXProject section */
		7BF5BDD6291815D900B65C82 /* Project object */ = {
			isa = PBXProject;
			attributes = {
				BuildIndependentTargetsInParallel = 1;
				LastSwiftUpdateCheck = 1400;
				LastUpgradeCheck = 1400;
				TargetAttributes = {
					7BF5BDDD291815D900B65C82 = {
						CreatedOnToolsVersion = 14.0.1;
					};
				};
			};
			buildConfigurationList = 7BF5BDD9291815D900B65C82 /* Build configuration list for PBXProject "Pokemon" */;
			compatibilityVersion = "Xcode 14.0";
			developmentRegion = en;
			hasScannedForEncodings = 0;
			knownRegions = (
				en,
				Base,
			);
			mainGroup = 7BF5BDD5291815D900B65C82;
			productRefGroup = 7BF5BDDF291815D900B65C82 /* Products */;
			projectDirPath = "";
			projectRoot = "";
			targets = (
				7BF5BDDD291815D900B65C82 /* Pokemon */,
			);
		};
/* End PBXProject section */

/* Begin PBXResourcesBuildPhase section */
		7BF5BDDC291815D900B65C82 /* Resources */ = {
			isa = PBXResourcesBuildPhase;
			buildActionMask = 2147483647;
			files = (
				7BF5BDEE291815DB00B65C82 /* LaunchScreen.storyboard in Resources */,
				7B94ACC32919E10900E00FF7 /* pokemon.json in Resources */,
				7B493D2B291936F9001EA158 /* PokemonTableViewCell.xib in Resources */,
				7BF5BDEB291815DB00B65C82 /* Assets.xcassets in Resources */,
				7BF5BDE9291815D900B65C82 /* Main.storyboard in Resources */,
			);
			runOnlyForDeploymentPostprocessing = 0;
		};
/* End PBXResourcesBuildPhase section */

/* Begin PBXSourcesBuildPhase section */
		7BF5BDDA291815D900B65C82 /* Sources */ = {
			isa = PBXSourcesBuildPhase;
			buildActionMask = 2147483647;
			files = (
				7BF5BDE6291815D900B65C82 /* ViewController.swift in Sources */,
				7BF5BDE2291815D900B65C82 /* AppDelegate.swift in Sources */,
				7BF5BDE4291815D900B65C82 /* SceneDelegate.swift in Sources */,
				7B48E22B29195D600077C89F /* AboutViewController.swift in Sources */,
				7B48E229291946E60077C89F /* DetailViewController.swift in Sources */,
				7B94ACC52919EECC00E00FF7 /* JSONUtils.swift in Sources */,
				7B493D2A291936F9001EA158 /* PokemonTableViewCell.swift in Sources */,
				7BF5BDF629181EF300B65C82 /* PokemonModel.swift in Sources */,
			);
			runOnlyForDeploymentPostprocessing = 0;
		};
/* End PBXSourcesBuildPhase section */

/* Begin PBXVariantGroup section */
		7BF5BDE7291815D900B65C82 /* Main.storyboard */ = {
			isa = PBXVariantGroup;
			children = (
				7BF5BDE8291815D900B65C82 /* Base */,
			);
			name = Main.storyboard;
			sourceTree = "<group>";
		};
		7BF5BDEC291815DB00B65C82 /* LaunchScreen.storyboard */ = {
			isa = PBXVariantGroup;
			children = (
				7BF5BDED291815DB00B65C82 /* Base */,
			);
			name = LaunchScreen.storyboard;
			sourceTree = "<group>";
		};
/* End PBXVariantGroup section */

/* Begin XCBuildConfiguration section */
		7BF5BDF0291815DB00B65C82 /* Debug */ = {
			isa = XCBuildConfiguration;
			buildSettings = {
				ALWAYS_SEARCH_USER_PATHS = NO;
				CLANG_ANALYZER_NONNULL = YES;
				CLANG_ANALYZER_NUMBER_OBJECT_CONVERSION = YES_AGGRESSIVE;
				CLANG_CXX_LANGUAGE_STANDARD = "gnu++20";
				CLANG_ENABLE_MODULES = YES;
				CLANG_ENABLE_OBJC_ARC = YES;
				CLANG_ENABLE_OBJC_WEAK = YES;
				CLANG_WARN_BLOCK_CAPTURE_AUTORELEASING = YES;
				CLANG_WARN_BOOL_CONVERSION = YES;
				CLANG_WARN_COMMA = YES;
				CLANG_WARN_CONSTANT_CONVERSION = YES;
				CLANG_WARN_DEPRECATED_OBJC_IMPLEMENTATIONS = YES;
				CLANG_WARN_DIRECT_OBJC_ISA_USAGE = YES_ERROR;
				CLANG_WARN_DOCUMENTATION_COMMENTS = YES;
				CLANG_WARN_EMPTY_BODY = YES;
				CLANG_WARN_ENUM_CONVERSION = YES;
				CLANG_WARN_INFINITE_RECURSION = YES;
				CLANG_WARN_INT_CONVERSION = YES;
				CLANG_WARN_NON_LITERAL_NULL_CONVERSION = YES;
				CLANG_WARN_OBJC_IMPLICIT_RETAIN_SELF = YES;
				CLANG_WARN_OBJC_LITERAL_CONVERSION = YES;
				CLANG_WARN_OBJC_ROOT_CLASS = YES_ERROR;
				CLANG_WARN_QUOTED_INCLUDE_IN_FRAMEWORK_HEADER = YES;
				CLANG_WARN_RANGE_LOOP_ANALYSIS = YES;
				CLANG_WARN_STRICT_PROTOTYPES = YES;
				CLANG_WARN_SUSPICIOUS_MOVE = YES;
				CLANG_WARN_UNGUARDED_AVAILABILITY = YES_AGGRESSIVE;
				CLANG_WARN_UNREACHABLE_CODE = YES;
				CLANG_WARN__DUPLICATE_METHOD_MATCH = YES;
				COPY_PHASE_STRIP = NO;
				DEBUG_INFORMATION_FORMAT = dwarf;
				ENABLE_STRICT_OBJC_MSGSEND = YES;
				ENABLE_TESTABILITY = YES;
				GCC_C_LANGUAGE_STANDARD = gnu11;
				GCC_DYNAMIC_NO_PIC = NO;
				GCC_NO_COMMON_BLOCKS = YES;
				GCC_OPTIMIZATION_LEVEL = 0;
				GCC_PREPROCESSOR_DEFINITIONS = (
					"DEBUG=1",
					"$(inherited)",
				);
				GCC_WARN_64_TO_32_BIT_CONVERSION = YES;
				GCC_WARN_ABOUT_RETURN_TYPE = YES_ERROR;
				GCC_WARN_UNDECLARED_SELECTOR = YES;
				GCC_WARN_UNINITIALIZED_AUTOS = YES_AGGRESSIVE;
				GCC_WARN_UNUSED_FUNCTION = YES;
				GCC_WARN_UNUSED_VARIABLE = YES;
				IPHONEOS_DEPLOYMENT_TARGET = 16.0;
				MTL_ENABLE_DEBUG_INFO = INCLUDE_SOURCE;
				MTL_FAST_MATH = YES;
				ONLY_ACTIVE_ARCH = YES;
				SDKROOT = iphoneos;
				SWIFT_ACTIVE_COMPILATION_CONDITIONS = DEBUG;
				SWIFT_OPTIMIZATION_LEVEL = "-Onone";
			};
			name = Debug;
		};
		7BF5BDF1291815DB00B65C82 /* Release */ = {
			isa = XCBuildConfiguration;
			buildSettings = {
				ALWAYS_SEARCH_USER_PATHS = NO;
				CLANG_ANALYZER_NONNULL = YES;
				CLANG_ANALYZER_NUMBER_OBJECT_CONVERSION = YES_AGGRESSIVE;
				CLANG_CXX_LANGUAGE_STANDARD = "gnu++20";
				CLANG_ENABLE_MODULES = YES;
				CLANG_ENABLE_OBJC_ARC = YES;
				CLANG_ENABLE_OBJC_WEAK = YES;
				CLANG_WARN_BLOCK_CAPTURE_AUTORELEASING = YES;
				CLANG_WARN_BOOL_CONVERSION = YES;
				CLANG_WARN_COMMA = YES;
				CLANG_WARN_CONSTANT_CONVERSION = YES;
				CLANG_WARN_DEPRECATED_OBJC_IMPLEMENTATIONS = YES;
				CLANG_WARN_DIRECT_OBJC_ISA_USAGE = YES_ERROR;
				CLANG_WARN_DOCUMENTATION_COMMENTS = YES;
				CLANG_WARN_EMPTY_BODY = YES;
				CLANG_WARN_ENUM_CONVERSION = YES;
				CLANG_WARN_INFINITE_RECURSION = YES;
				CLANG_WARN_INT_CONVERSION = YES;
				CLANG_WARN_NON_LITERAL_NULL_CONVERSION = YES;
				CLANG_WARN_OBJC_IMPLICIT_RETAIN_SELF = YES;
				CLANG_WARN_OBJC_LITERAL_CONVERSION = YES;
				CLANG_WARN_OBJC_ROOT_CLASS = YES_ERROR;
				CLANG_WARN_QUOTED_INCLUDE_IN_FRAMEWORK_HEADER = YES;
				CLANG_WARN_RANGE_LOOP_ANALYSIS = YES;
				CLANG_WARN_STRICT_PROTOTYPES = YES;
				CLANG_WARN_SUSPICIOUS_MOVE = YES;
				CLANG_WARN_UNGUARDED_AVAILABILITY = YES_AGGRESSIVE;
				CLANG_WARN_UNREACHABLE_CODE = YES;
				CLANG_WARN__DUPLICATE_METHOD_MATCH = YES;
				COPY_PHASE_STRIP = NO;
				DEBUG_INFORMATION_FORMAT = "dwarf-with-dsym";
				ENABLE_NS_ASSERTIONS = NO;
				ENABLE_STRICT_OBJC_MSGSEND = YES;
				GCC_C_LANGUAGE_STANDARD = gnu11;
				GCC_NO_COMMON_BLOCKS = YES;
				GCC_WARN_64_TO_32_BIT_CONVERSION = YES;
				GCC_WARN_ABOUT_RETURN_TYPE = YES_ERROR;
				GCC_WARN_UNDECLARED_SELECTOR = YES;
				GCC_WARN_UNINITIALIZED_AUTOS = YES_AGGRESSIVE;
				GCC_WARN_UNUSED_FUNCTION = YES;
				GCC_WARN_UNUSED_VARIABLE = YES;
				IPHONEOS_DEPLOYMENT_TARGET = 16.0;
				MTL_ENABLE_DEBUG_INFO = NO;
				MTL_FAST_MATH = YES;
				SDKROOT = iphoneos;
				SWIFT_COMPILATION_MODE = wholemodule;
				SWIFT_OPTIMIZATION_LEVEL = "-O";
				VALIDATE_PRODUCT = YES;
			};
			name = Release;
		};
		7BF5BDF3291815DB00B65C82 /* Debug */ = {
			isa = XCBuildConfiguration;
			buildSettings = {
				ASSETCATALOG_COMPILER_APPICON_NAME = AppIcon;
				ASSETCATALOG_COMPILER_GLOBAL_ACCENT_COLOR_NAME = AccentColor;
				CODE_SIGN_STYLE = Automatic;
				CURRENT_PROJECT_VERSION = 1;
				DEVELOPMENT_TEAM = 98P2W8BXX8;
				GENERATE_INFOPLIST_FILE = YES;
				INFOPLIST_FILE = Pokemon/Info.plist;
				INFOPLIST_KEY_UIApplicationSupportsIndirectInputEvents = YES;
				INFOPLIST_KEY_UILaunchStoryboardName = LaunchScreen;
				INFOPLIST_KEY_UIMainStoryboardFile = Main;
				INFOPLIST_KEY_UISupportedInterfaceOrientations_iPad = "UIInterfaceOrientationPortrait UIInterfaceOrientationPortraitUpsideDown UIInterfaceOrientationLandscapeLeft UIInterfaceOrientationLandscapeRight";
				INFOPLIST_KEY_UISupportedInterfaceOrientations_iPhone = "UIInterfaceOrientationPortrait UIInterfaceOrientationLandscapeLeft UIInterfaceOrientationLandscapeRight";
				LD_RUNPATH_SEARCH_PATHS = (
					"$(inherited)",
					"@executable_path/Frameworks",
				);
				MARKETING_VERSION = 1.0;
				PRODUCT_BUNDLE_IDENTIFIER = com.ysn.Pokemon;
				PRODUCT_NAME = "$(TARGET_NAME)";
				SWIFT_EMIT_LOC_STRINGS = YES;
				SWIFT_VERSION = 5.0;
				TARGETED_DEVICE_FAMILY = "1,2";
			};
			name = Debug;
		};
		7BF5BDF4291815DB00B65C82 /* Release */ = {
			isa = XCBuildConfiguration;
			buildSettings = {
				ASSETCATALOG_COMPILER_APPICON_NAME = AppIcon;
				ASSETCATALOG_COMPILER_GLOBAL_ACCENT_COLOR_NAME = AccentColor;
				CODE_SIGN_STYLE = Automatic;
				CURRENT_PROJECT_VERSION = 1;
				DEVELOPMENT_TEAM = 98P2W8BXX8;
				GENERATE_INFOPLIST_FILE = YES;
				INFOPLIST_FILE = Pokemon/Info.plist;
				INFOPLIST_KEY_UIApplicationSupportsIndirectInputEvents = YES;
				INFOPLIST_KEY_UILaunchStoryboardName = LaunchScreen;
				INFOPLIST_KEY_UIMainStoryboardFile = Main;
				INFOPLIST_KEY_UISupportedInterfaceOrientations_iPad = "UIInterfaceOrientationPortrait UIInterfaceOrientationPortraitUpsideDown UIInterfaceOrientationLandscapeLeft UIInterfaceOrientationLandscapeRight";
				INFOPLIST_KEY_UISupportedInterfaceOrientations_iPhone = "UIInterfaceOrientationPortrait UIInterfaceOrientationLandscapeLeft UIInterfaceOrientationLandscapeRight";
				LD_RUNPATH_SEARCH_PATHS = (
					"$(inherited)",
					"@executable_path/Frameworks",
				);
				MARKETING_VERSION = 1.0;
				PRODUCT_BUNDLE_IDENTIFIER = com.ysn.Pokemon;
				PRODUCT_NAME = "$(TARGET_NAME)";
				SWIFT_EMIT_LOC_STRINGS = YES;
				SWIFT_VERSION = 5.0;
				TARGETED_DEVICE_FAMILY = "1,2";
			};
			name = Release;
		};
/* End XCBuildConfiguration section */

/* Begin XCConfigurationList section */
		7BF5BDD9291815D900B65C82 /* Build configuration list for PBXProject "Pokemon" */ = {
			isa = XCConfigurationList;
			buildConfigurations = (
				7BF5BDF0291815DB00B65C82 /* Debug */,
				7BF5BDF1291815DB00B65C82 /* Release */,
			);
			defaultConfigurationIsVisible = 0;
			defaultConfigurationName = Release;
		};
		7BF5BDF2291815DB00B65C82 /* Build configuration list for PBXNativeTarget "Pokemon" */ = {
			isa = XCConfigurationList;
			buildConfigurations = (
				7BF5BDF3291815DB00B65C82 /* Debug */,
				7BF5BDF4291815DB00B65C82 /* Release */,
			);
			defaultConfigurationIsVisible = 0;
			defaultConfigurationName = Release;
		};
/* End XCConfigurationList section */
	};
	rootObject = 7BF5BDD6291815D900B65C82 /* Project object */;
}
